
Microsoft Visual Studio Solution File, Format Version 12.00
# Visual Studio 14
VisualStudioVersion = 14.0.25420.1
MinimumVisualStudioVersion = 10.0.40219.1
Project("{FAE04EC0-301F-11D3-BF4B-00C04F79EFBC}") = "RaceTimer.App", "RaceTimer.App\RaceTimer.App.csproj", "{2AA19829-EBE4-4DDE-9692-C6E4B05E947A}"
EndProject
Project("{FAE04EC0-301F-11D3-BF4B-00C04F79EFBC}") = "RaceTimer.Data", "RaceTimer.Data\RaceTimer.Data.csproj", "{76892C81-BD30-4233-B2A9-D9DDB20DA23C}"
EndProject
Project("{FAE04EC0-301F-11D3-BF4B-00C04F79EFBC}") = "RaceTimer.Business", "RaceTimer.Business\RaceTimer.Business.csproj", "{FCA07CC2-5A43-4C1D-8A05-E9E21348FB3E}"
EndProject
Project("{FAE04EC0-301F-11D3-BF4B-00C04F79EFBC}") = "RaceTimer.Device.IntegratedReaderR2000", "RaceTimer.Device.IntegratedReaderR2000\RaceTimer.Device.IntegratedReaderR2000.csproj", "{078A3161-9608-4FFD-B6E4-6310A572FEAD}"
EndProject
Project("{FAE04EC0-301F-11D3-BF4B-00C04F79EFBC}") = "RaceTimer.Common", "RaceTimer.Common\RaceTimer.Common.csproj", "{5A5B02BE-D2AA-418D-B4A5-3DEC11B7E705}"
EndProject
Project("{FAE04EC0-301F-11D3-BF4B-00C04F79EFBC}") = "RfidTimer.Device.ChaFonFourChannelR2000", "RfidTimer.Device.ChaFonFourChannelR2000\RfidTimer.Device.ChaFonFourChannelR2000.csproj", "{93EF6C96-6158-468D-90ED-291ADD443FA8}"
EndProject
Project("{54435603-DBB4-11D2-8724-00A0C9A8B90C}") = "RaceTimerSetup", "RaceTimerSetup\RaceTimerSetup.vdproj", "{52673F8F-9BB2-465F-AD7B-378860F58A1D}"
EndProject
Global
	GlobalSection(SolutionConfigurationPlatforms) = preSolution
		Debug|Any CPU = Debug|Any CPU
		Debug|x64 = Debug|x64
		Release|Any CPU = Release|Any CPU
		Release|x64 = Release|x64
	EndGlobalSection
	GlobalSection(ProjectConfigurationPlatforms) = postSolution
		{2AA19829-EBE4-4DDE-9692-C6E4B05E947A}.Debug|Any CPU.ActiveCfg = Debug|Any CPU
		{2AA19829-EBE4-4DDE-9692-C6E4B05E947A}.Debug|Any CPU.Build.0 = Debug|Any CPU
		{2AA19829-EBE4-4DDE-9692-C6E4B05E947A}.Debug|x64.ActiveCfg = Debug|x64
		{2AA19829-EBE4-4DDE-9692-C6E4B05E947A}.Debug|x64.Build.0 = Debug|x64
		{2AA19829-EBE4-4DDE-9692-C6E4B05E947A}.Release|Any CPU.ActiveCfg = Release|Any CPU
		{2AA19829-EBE4-4DDE-9692-C6E4B05E947A}.Release|Any CPU.Build.0 = Release|Any CPU
		{2AA19829-EBE4-4DDE-9692-C6E4B05E947A}.Release|x64.ActiveCfg = Release|x64
		{2AA19829-EBE4-4DDE-9692-C6E4B05E947A}.Release|x64.Build.0 = Release|x64
		{76892C81-BD30-4233-B2A9-D9DDB20DA23C}.Debug|Any CPU.ActiveCfg = Debug|Any CPU
		{76892C81-BD30-4233-B2A9-D9DDB20DA23C}.Debug|Any CPU.Build.0 = Debug|Any CPU
		{76892C81-BD30-4233-B2A9-D9DDB20DA23C}.Debug|x64.ActiveCfg = Debug|Any CPU
		{76892C81-BD30-4233-B2A9-D9DDB20DA23C}.Debug|x64.Build.0 = Debug|Any CPU
		{76892C81-BD30-4233-B2A9-D9DDB20DA23C}.Release|Any CPU.ActiveCfg = Release|Any CPU
		{76892C81-BD30-4233-B2A9-D9DDB20DA23C}.Release|Any CPU.Build.0 = Release|Any CPU
		{76892C81-BD30-4233-B2A9-D9DDB20DA23C}.Release|x64.ActiveCfg = Release|Any CPU
		{76892C81-BD30-4233-B2A9-D9DDB20DA23C}.Release|x64.Build.0 = Release|Any CPU
		{FCA07CC2-5A43-4C1D-8A05-E9E21348FB3E}.Debug|Any CPU.ActiveCfg = Debug|Any CPU
		{FCA07CC2-5A43-4C1D-8A05-E9E21348FB3E}.Debug|Any CPU.Build.0 = Debug|Any CPU
		{FCA07CC2-5A43-4C1D-8A05-E9E21348FB3E}.Debug|x64.ActiveCfg = Debug|Any CPU
		{FCA07CC2-5A43-4C1D-8A05-E9E21348FB3E}.Debug|x64.Build.0 = Debug|Any CPU
		{FCA07CC2-5A43-4C1D-8A05-E9E21348FB3E}.Release|Any CPU.ActiveCfg = Release|Any CPU
		{FCA07CC2-5A43-4C1D-8A05-E9E21348FB3E}.Release|Any CPU.Build.0 = Release|Any CPU
		{FCA07CC2-5A43-4C1D-8A05-E9E21348FB3E}.Release|x64.ActiveCfg = Release|Any CPU
		{FCA07CC2-5A43-4C1D-8A05-E9E21348FB3E}.Release|x64.Build.0 = Release|Any CPU
		{078A3161-9608-4FFD-B6E4-6310A572FEAD}.Debug|Any CPU.ActiveCfg = Debug|Any CPU
		{078A3161-9608-4FFD-B6E4-6310A572FEAD}.Debug|Any CPU.Build.0 = Debug|Any CPU
		{078A3161-9608-4FFD-B6E4-6310A572FEAD}.Debug|x64.ActiveCfg = Debug|Any CPU
		{078A3161-9608-4FFD-B6E4-6310A572FEAD}.Debug|x64.Build.0 = Debug|Any CPU
		{078A3161-9608-4FFD-B6E4-6310A572FEAD}.Release|Any CPU.ActiveCfg = Release|Any CPU
		{078A3161-9608-4FFD-B6E4-6310A572FEAD}.Release|Any CPU.Build.0 = Release|Any CPU
		{078A3161-9608-4FFD-B6E4-6310A572FEAD}.Release|x64.ActiveCfg = Release|Any CPU
		{078A3161-9608-4FFD-B6E4-6310A572FEAD}.Release|x64.Build.0 = Release|Any CPU
		{5A5B02BE-D2AA-418D-B4A5-3DEC11B7E705}.Debug|Any CPU.ActiveCfg = Debug|Any CPU
		{5A5B02BE-D2AA-418D-B4A5-3DEC11B7E705}.Debug|Any CPU.Build.0 = Debug|Any CPU
		{5A5B02BE-D2AA-418D-B4A5-3DEC11B7E705}.Debug|x64.ActiveCfg = Debug|Any CPU
		{5A5B02BE-D2AA-418D-B4A5-3DEC11B7E705}.Debug|x64.Build.0 = Debug|Any CPU
		{5A5B02BE-D2AA-418D-B4A5-3DEC11B7E705}.Release|Any CPU.ActiveCfg = Release|Any CPU
		{5A5B02BE-D2AA-418D-B4A5-3DEC11B7E705}.Release|Any CPU.Build.0 = Release|Any CPU
		{5A5B02BE-D2AA-418D-B4A5-3DEC11B7E705}.Release|x64.ActiveCfg = Release|Any CPU
		{5A5B02BE-D2AA-418D-B4A5-3DEC11B7E705}.Release|x64.Build.0 = Release|Any CPU
		{93EF6C96-6158-468D-90ED-291ADD443FA8}.Debug|Any CPU.ActiveCfg = Debug|Any CPU
		{93EF6C96-6158-468D-90ED-291ADD443FA8}.Debug|Any CPU.Build.0 = Debug|Any CPU
		{93EF6C96-6158-468D-90ED-291ADD443FA8}.Debug|x64.ActiveCfg = Debug|Any CPU
		{93EF6C96-6158-468D-90ED-291ADD443FA8}.Debug|x64.Build.0 = Debug|Any CPU
		{93EF6C96-6158-468D-90ED-291ADD443FA8}.Release|Any CPU.ActiveCfg = Release|Any CPU
		{93EF6C96-6158-468D-90ED-291ADD443FA8}.Release|Any CPU.Build.0 = Release|Any CPU
		{93EF6C96-6158-468D-90ED-291ADD443FA8}.Release|x64.ActiveCfg = Release|Any CPU
		{93EF6C96-6158-468D-90ED-291ADD443FA8}.Release|x64.Build.0 = Release|Any CPU
		{52673F8F-9BB2-465F-AD7B-378860F58A1D}.Debug|Any CPU.ActiveCfg = Debug
		{52673F8F-9BB2-465F-AD7B-378860F58A1D}.Debug|x64.ActiveCfg = Debug
		{52673F8F-9BB2-465F-AD7B-378860F58A1D}.Debug|x64.Build.0 = Debug
		{52673F8F-9BB2-465F-AD7B-378860F58A1D}.Release|Any CPU.ActiveCfg = Release
		{52673F8F-9BB2-465F-AD7B-378860F58A1D}.Release|x64.ActiveCfg = Release
		{52673F8F-9BB2-465F-AD7B-378860F58A1D}.Release|x64.Build.0 = Release
	EndGlobalSection
	GlobalSection(SolutionProperties) = preSolution
		HideSolutionNode = FALSE
	EndGlobalSection
EndGlobal
